
Microsoft Visual Studio Solution File, Format Version 12.00
# Visual Studio Version 17
VisualStudioVersion = 17.13.35931.197
MinimumVisualStudioVersion = 10.0.40219.1
Project("{FAE04EC0-301F-11D3-BF4B-00C04F79EFBC}") = "ProduceMore", "ProduceMore\ProduceMore.csproj", "{CAAF916A-EEB6-16BC-CE60-6CE1BFE42ECA}"
EndProject
Global
	GlobalSection(SolutionConfigurationPlatforms) = preSolution
		IL2CPP|Any CPU = IL2CPP|Any CPU
		Mono|Any CPU = Mono|Any CPU
	EndGlobalSection
	GlobalSection(ProjectConfigurationPlatforms) = postSolution
		{CAAF916A-EEB6-16BC-CE60-6CE1BFE42ECA}.IL2CPP|Any CPU.ActiveCfg = IL2CPP|Any CPU
		{CAAF916A-EEB6-16BC-CE60-6CE1BFE42ECA}.IL2CPP|Any CPU.Build.0 = IL2CPP|Any CPU
		{CAAF916A-EEB6-16BC-CE60-6CE1BFE42ECA}.Mono|Any CPU.ActiveCfg = Mono|Any CPU
		{CAAF916A-EEB6-16BC-CE60-6CE1BFE42ECA}.Mono|Any CPU.Build.0 = Mono|Any CPU
	EndGlobalSection
	GlobalSection(SolutionProperties) = preSolution
		HideSolutionNode = FALSE
	EndGlobalSection
	GlobalSection(ExtensibilityGlobals) = postSolution
		SolutionGuid = {36E35126-7AB3-48EE-89E7-D80B1AA875EB}
	EndGlobalSection
EndGlobal
